
Microsoft Visual Studio Solution File, Format Version 12.00
# Visual Studio Version 16
VisualStudioVersion = 16.0.31702.278
MinimumVisualStudioVersion = 10.0.40219.1
Project("{FAE04EC0-301F-11D3-BF4B-00C04F79EFBC}") = "PurpleMoon3", "PurpleMoon3\PurpleMoon3.csproj", "{7B9EFDAD-E3C6-48C4-9E7B-82C604295CF8}"
EndProject
Global
	GlobalSection(SolutionConfigurationPlatforms) = preSolution
		Debug|Any CPU = Debug|Any CPU
		Release|Any CPU = Release|Any CPU
	EndGlobalSection
	GlobalSection(ProjectConfigurationPlatforms) = postSolution
		{7B9EFDAD-E3C6-48C4-9E7B-82C604295CF8}.Debug|Any CPU.ActiveCfg = Debug|Any CPU
		{7B9EFDAD-E3C6-48C4-9E7B-82C604295CF8}.Debug|Any CPU.Build.0 = Debug|Any CPU
		{7B9EFDAD-E3C6-48C4-9E7B-82C604295CF8}.Release|Any CPU.ActiveCfg = Release|Any CPU
		{7B9EFDAD-E3C6-48C4-9E7B-82C604295CF8}.Release|Any CPU.Build.0 = Release|Any CPU
	EndGlobalSection
	GlobalSection(SolutionProperties) = preSolution
		HideSolutionNode = FALSE
	EndGlobalSection
	GlobalSection(ExtensibilityGlobals) = postSolution
		SolutionGuid = {F893AB8D-80B0-4B87-A28C-57BB43B2B68E}
	EndGlobalSection
EndGlobal
